
Microsoft Visual Studio Solution File, Format Version 12.00
# Visual Studio Version 16
VisualStudioVersion = 16.0.29920.165
MinimumVisualStudioVersion = 10.0.40219.1
Project("{8BC9CEB8-8B4A-11D0-8D11-00A0C91BC942}") = "TestLab13", "TestLab13.vcxproj", "{CE887206-BBA2-40FE-B010-3CDEF85F06F1}"
EndProject
Global
	GlobalSection(SolutionConfigurationPlatforms) = preSolution
		Debug|x64 = Debug|x64
		Release|x64 = Release|x64
	EndGlobalSection
	GlobalSection(ProjectConfigurationPlatforms) = postSolution
		{CE887206-BBA2-40FE-B010-3CDEF85F06F1}.Debug|x64.ActiveCfg = Debug|x64
		{CE887206-BBA2-40FE-B010-3CDEF85F06F1}.Debug|x64.Build.0 = Debug|x64
		{CE887206-BBA2-40FE-B010-3CDEF85F06F1}.Release|x64.ActiveCfg = Release|x64
		{CE887206-BBA2-40FE-B010-3CDEF85F06F1}.Release|x64.Build.0 = Release|x64
	EndGlobalSection
	GlobalSection(SolutionProperties) = preSolution
		HideSolutionNode = FALSE
	EndGlobalSection
	GlobalSection(ExtensibilityGlobals) = postSolution
		SolutionGuid = {C2340962-15EB-499B-B71F-991ED9EE4DC4}
	EndGlobalSection
EndGlobal
