
Microsoft Visual Studio Solution File, Format Version 12.00
# Visual Studio Version 16
VisualStudioVersion = 16.0.29920.165
MinimumVisualStudioVersion = 10.0.40219.1
Project("{8BC9CEB8-8B4A-11D0-8D11-00A0C91BC942}") = "Lab Test Practice 1", "Lab Test Practice 1\Lab Test Practice 1.vcxproj", "{DD95CBDB-2095-4939-9C99-0A1263047974}"
EndProject
Project("{8BC9CEB8-8B4A-11D0-8D11-00A0C91BC942}") = "TestLab10OOP2018", "TestLab10OOP2018\TestLab10OOP2018.vcxproj", "{D7C6B833-7F5B-4E14-8D19-4B09B31DEB83}"
EndProject
Project("{8BC9CEB8-8B4A-11D0-8D11-00A0C91BC942}") = "TestLab10OOP2018_1", "TestLab10OOP2018_1\TestLab10OOP2018_1.vcxproj", "{52031EC1-5ACC-4D25-96E8-381D9496A6A9}"
EndProject
Project("{8BC9CEB8-8B4A-11D0-8D11-00A0C91BC942}") = "TestLab10OOP2020", "TestLab10OOP2020\TestLab10OOP2020.vcxproj", "{1FE4F627-7CBC-45AD-B141-46F18222D1DC}"
EndProject
Global
	GlobalSection(SolutionConfigurationPlatforms) = preSolution
		Debug|x64 = Debug|x64
		Debug|x86 = Debug|x86
		Release|x64 = Release|x64
		Release|x86 = Release|x86
	EndGlobalSection
	GlobalSection(ProjectConfigurationPlatforms) = postSolution
		{DD95CBDB-2095-4939-9C99-0A1263047974}.Debug|x64.ActiveCfg = Debug|x64
		{DD95CBDB-2095-4939-9C99-0A1263047974}.Debug|x64.Build.0 = Debug|x64
		{DD95CBDB-2095-4939-9C99-0A1263047974}.Debug|x86.ActiveCfg = Debug|Win32
		{DD95CBDB-2095-4939-9C99-0A1263047974}.Debug|x86.Build.0 = Debug|Win32
		{DD95CBDB-2095-4939-9C99-0A1263047974}.Release|x64.ActiveCfg = Release|x64
		{DD95CBDB-2095-4939-9C99-0A1263047974}.Release|x64.Build.0 = Release|x64
		{DD95CBDB-2095-4939-9C99-0A1263047974}.Release|x86.ActiveCfg = Release|Win32
		{DD95CBDB-2095-4939-9C99-0A1263047974}.Release|x86.Build.0 = Release|Win32
		{D7C6B833-7F5B-4E14-8D19-4B09B31DEB83}.Debug|x64.ActiveCfg = Debug|x64
		{D7C6B833-7F5B-4E14-8D19-4B09B31DEB83}.Debug|x64.Build.0 = Debug|x64
		{D7C6B833-7F5B-4E14-8D19-4B09B31DEB83}.Debug|x86.ActiveCfg = Debug|Win32
		{D7C6B833-7F5B-4E14-8D19-4B09B31DEB83}.Debug|x86.Build.0 = Debug|Win32
		{D7C6B833-7F5B-4E14-8D19-4B09B31DEB83}.Release|x64.ActiveCfg = Release|x64
		{D7C6B833-7F5B-4E14-8D19-4B09B31DEB83}.Release|x64.Build.0 = Release|x64
		{D7C6B833-7F5B-4E14-8D19-4B09B31DEB83}.Release|x86.ActiveCfg = Release|Win32
		{D7C6B833-7F5B-4E14-8D19-4B09B31DEB83}.Release|x86.Build.0 = Release|Win32
		{52031EC1-5ACC-4D25-96E8-381D9496A6A9}.Debug|x64.ActiveCfg = Debug|x64
		{52031EC1-5ACC-4D25-96E8-381D9496A6A9}.Debug|x64.Build.0 = Debug|x64
		{52031EC1-5ACC-4D25-96E8-381D9496A6A9}.Debug|x86.ActiveCfg = Debug|Win32
		{52031EC1-5ACC-4D25-96E8-381D9496A6A9}.Debug|x86.Build.0 = Debug|Win32
		{52031EC1-5ACC-4D25-96E8-381D9496A6A9}.Release|x64.ActiveCfg = Release|x64
		{52031EC1-5ACC-4D25-96E8-381D9496A6A9}.Release|x64.Build.0 = Release|x64
		{52031EC1-5ACC-4D25-96E8-381D9496A6A9}.Release|x86.ActiveCfg = Release|Win32
		{52031EC1-5ACC-4D25-96E8-381D9496A6A9}.Release|x86.Build.0 = Release|Win32
		{1FE4F627-7CBC-45AD-B141-46F18222D1DC}.Debug|x64.ActiveCfg = Debug|x64
		{1FE4F627-7CBC-45AD-B141-46F18222D1DC}.Debug|x64.Build.0 = Debug|x64
		{1FE4F627-7CBC-45AD-B141-46F18222D1DC}.Debug|x86.ActiveCfg = Debug|Win32
		{1FE4F627-7CBC-45AD-B141-46F18222D1DC}.Debug|x86.Build.0 = Debug|Win32
		{1FE4F627-7CBC-45AD-B141-46F18222D1DC}.Release|x64.ActiveCfg = Release|x64
		{1FE4F627-7CBC-45AD-B141-46F18222D1DC}.Release|x64.Build.0 = Release|x64
		{1FE4F627-7CBC-45AD-B141-46F18222D1DC}.Release|x86.ActiveCfg = Release|Win32
		{1FE4F627-7CBC-45AD-B141-46F18222D1DC}.Release|x86.Build.0 = Release|Win32
	EndGlobalSection
	GlobalSection(SolutionProperties) = preSolution
		HideSolutionNode = FALSE
	EndGlobalSection
	GlobalSection(ExtensibilityGlobals) = postSolution
		SolutionGuid = {42C07C42-F115-4436-A4E2-28FCCB3AB75C}
	EndGlobalSection
EndGlobal
